
Microsoft Visual Studio Solution File, Format Version 12.00
# Visual Studio Version 16
VisualStudioVersion = 16.0.31019.35
MinimumVisualStudioVersion = 10.0.40219.1
Project("{FAE04EC0-301F-11D3-BF4B-00C04F79EFBC}") = "Magazin", "Magazin\Magazin.csproj", "{4BAEE994-EA57-4AFA-AC3C-F2113EFDAE66}"
EndProject
Global
	GlobalSection(SolutionConfigurationPlatforms) = preSolution
		Debug|Any CPU = Debug|Any CPU
		Release|Any CPU = Release|Any CPU
	EndGlobalSection
	GlobalSection(ProjectConfigurationPlatforms) = postSolution
		{4BAEE994-EA57-4AFA-AC3C-F2113EFDAE66}.Debug|Any CPU.ActiveCfg = Debug|Any CPU
		{4BAEE994-EA57-4AFA-AC3C-F2113EFDAE66}.Debug|Any CPU.Build.0 = Debug|Any CPU
		{4BAEE994-EA57-4AFA-AC3C-F2113EFDAE66}.Release|Any CPU.ActiveCfg = Release|Any CPU
		{4BAEE994-EA57-4AFA-AC3C-F2113EFDAE66}.Release|Any CPU.Build.0 = Release|Any CPU
	EndGlobalSection
	GlobalSection(SolutionProperties) = preSolution
		HideSolutionNode = FALSE
	EndGlobalSection
	GlobalSection(ExtensibilityGlobals) = postSolution
		SolutionGuid = {DBD18042-790D-481C-B333-DD368A3D1036}
	EndGlobalSection
EndGlobal
