
Microsoft Visual Studio Solution File, Format Version 12.00
# Visual Studio Version 16
VisualStudioVersion = 16.0.31019.35
MinimumVisualStudioVersion = 10.0.40219.1
Project("{FAE04EC0-301F-11D3-BF4B-00C04F79EFBC}") = "BankAccount", "BankAccount\BankAccount.csproj", "{927D8F17-8C44-4D44-A69B-3EC497003F6C}"
EndProject
Project("{FAE04EC0-301F-11D3-BF4B-00C04F79EFBC}") = "BankAccount.Test", "BankAccount.Test\BankAccount.Test.csproj", "{7E68FDC9-5160-4382-A586-7B8CF015D7DA}"
EndProject
Global
	GlobalSection(SolutionConfigurationPlatforms) = preSolution
		Debug|Any CPU = Debug|Any CPU
		Release|Any CPU = Release|Any CPU
	EndGlobalSection
	GlobalSection(ProjectConfigurationPlatforms) = postSolution
		{927D8F17-8C44-4D44-A69B-3EC497003F6C}.Debug|Any CPU.ActiveCfg = Debug|Any CPU
		{927D8F17-8C44-4D44-A69B-3EC497003F6C}.Debug|Any CPU.Build.0 = Debug|Any CPU
		{927D8F17-8C44-4D44-A69B-3EC497003F6C}.Release|Any CPU.ActiveCfg = Release|Any CPU
		{927D8F17-8C44-4D44-A69B-3EC497003F6C}.Release|Any CPU.Build.0 = Release|Any CPU
		{7E68FDC9-5160-4382-A586-7B8CF015D7DA}.Debug|Any CPU.ActiveCfg = Debug|Any CPU
		{7E68FDC9-5160-4382-A586-7B8CF015D7DA}.Debug|Any CPU.Build.0 = Debug|Any CPU
		{7E68FDC9-5160-4382-A586-7B8CF015D7DA}.Release|Any CPU.ActiveCfg = Release|Any CPU
		{7E68FDC9-5160-4382-A586-7B8CF015D7DA}.Release|Any CPU.Build.0 = Release|Any CPU
	EndGlobalSection
	GlobalSection(SolutionProperties) = preSolution
		HideSolutionNode = FALSE
	EndGlobalSection
	GlobalSection(ExtensibilityGlobals) = postSolution
		SolutionGuid = {D055B9D1-55F9-4C1B-B324-68671ABC6CAE}
	EndGlobalSection
EndGlobal
