
Microsoft Visual Studio Solution File, Format Version 12.00
# Visual Studio Version 16
VisualStudioVersion = 16.0.31019.35
MinimumVisualStudioVersion = 10.0.40219.1
Project("{FAE04EC0-301F-11D3-BF4B-00C04F79EFBC}") = "MinionsPrb2", "MinionsPrb2\MinionsPrb2.csproj", "{328FEF0F-9C69-4C74-B52C-C35FDC3473BE}"
EndProject
Global
	GlobalSection(SolutionConfigurationPlatforms) = preSolution
		Debug|Any CPU = Debug|Any CPU
		Release|Any CPU = Release|Any CPU
	EndGlobalSection
	GlobalSection(ProjectConfigurationPlatforms) = postSolution
		{328FEF0F-9C69-4C74-B52C-C35FDC3473BE}.Debug|Any CPU.ActiveCfg = Debug|Any CPU
		{328FEF0F-9C69-4C74-B52C-C35FDC3473BE}.Debug|Any CPU.Build.0 = Debug|Any CPU
		{328FEF0F-9C69-4C74-B52C-C35FDC3473BE}.Release|Any CPU.ActiveCfg = Release|Any CPU
		{328FEF0F-9C69-4C74-B52C-C35FDC3473BE}.Release|Any CPU.Build.0 = Release|Any CPU
	EndGlobalSection
	GlobalSection(SolutionProperties) = preSolution
		HideSolutionNode = FALSE
	EndGlobalSection
	GlobalSection(ExtensibilityGlobals) = postSolution
		SolutionGuid = {4F31F25B-17CE-41FF-8C4C-41BD84D0FC21}
	EndGlobalSection
EndGlobal
