
Microsoft Visual Studio Solution File, Format Version 12.00
# Visual Studio Version 16
VisualStudioVersion = 16.0.31019.35
MinimumVisualStudioVersion = 10.0.40219.1
Project("{FAE04EC0-301F-11D3-BF4B-00C04F79EFBC}") = "XMLCommentsDemo", "XMLCommentsDemo\XMLCommentsDemo.csproj", "{97D2D9F8-5358-4ABE-9B32-8F36A0517883}"
EndProject
Global
	GlobalSection(SolutionConfigurationPlatforms) = preSolution
		Debug|Any CPU = Debug|Any CPU
		Release|Any CPU = Release|Any CPU
	EndGlobalSection
	GlobalSection(ProjectConfigurationPlatforms) = postSolution
		{97D2D9F8-5358-4ABE-9B32-8F36A0517883}.Debug|Any CPU.ActiveCfg = Debug|Any CPU
		{97D2D9F8-5358-4ABE-9B32-8F36A0517883}.Debug|Any CPU.Build.0 = Debug|Any CPU
		{97D2D9F8-5358-4ABE-9B32-8F36A0517883}.Release|Any CPU.ActiveCfg = Release|Any CPU
		{97D2D9F8-5358-4ABE-9B32-8F36A0517883}.Release|Any CPU.Build.0 = Release|Any CPU
	EndGlobalSection
	GlobalSection(SolutionProperties) = preSolution
		HideSolutionNode = FALSE
	EndGlobalSection
	GlobalSection(ExtensibilityGlobals) = postSolution
		SolutionGuid = {BB6670BF-5D72-48C1-8D74-C23F4112F3B1}
	EndGlobalSection
EndGlobal
