
Microsoft Visual Studio Solution File, Format Version 12.00
# Visual Studio Version 16
VisualStudioVersion = 16.0.31019.35
MinimumVisualStudioVersion = 10.0.40219.1
Project("{FAE04EC0-301F-11D3-BF4B-00C04F79EFBC}") = "CarManager", "CarManager\CarManager.csproj", "{5A6F8A38-D994-4A16-8398-C09B1A15031F}"
EndProject
Project("{FAE04EC0-301F-11D3-BF4B-00C04F79EFBC}") = "CarManagmentTests", "CarManagmentTests\CarManagmentTests.csproj", "{6BC0824F-C486-4A84-927F-A72792B5887A}"
EndProject
Global
	GlobalSection(SolutionConfigurationPlatforms) = preSolution
		Debug|Any CPU = Debug|Any CPU
		Release|Any CPU = Release|Any CPU
	EndGlobalSection
	GlobalSection(ProjectConfigurationPlatforms) = postSolution
		{5A6F8A38-D994-4A16-8398-C09B1A15031F}.Debug|Any CPU.ActiveCfg = Debug|Any CPU
		{5A6F8A38-D994-4A16-8398-C09B1A15031F}.Debug|Any CPU.Build.0 = Debug|Any CPU
		{5A6F8A38-D994-4A16-8398-C09B1A15031F}.Release|Any CPU.ActiveCfg = Release|Any CPU
		{5A6F8A38-D994-4A16-8398-C09B1A15031F}.Release|Any CPU.Build.0 = Release|Any CPU
		{6BC0824F-C486-4A84-927F-A72792B5887A}.Debug|Any CPU.ActiveCfg = Debug|Any CPU
		{6BC0824F-C486-4A84-927F-A72792B5887A}.Debug|Any CPU.Build.0 = Debug|Any CPU
		{6BC0824F-C486-4A84-927F-A72792B5887A}.Release|Any CPU.ActiveCfg = Release|Any CPU
		{6BC0824F-C486-4A84-927F-A72792B5887A}.Release|Any CPU.Build.0 = Release|Any CPU
	EndGlobalSection
	GlobalSection(SolutionProperties) = preSolution
		HideSolutionNode = FALSE
	EndGlobalSection
	GlobalSection(ExtensibilityGlobals) = postSolution
		SolutionGuid = {F377B18C-D89A-4327-BEB3-537D8E925A6D}
	EndGlobalSection
EndGlobal
